// !$*UTF8*$!
{
	archiveVersion = 1;
	classes = {
	};
	objectVersion = 56;
	objects = {

/* Begin PBXBuildFile section */
		3F603CCD29DB4A53000C43D7 /* ProgressHUD in Frameworks */ = {isa = PBXBuildFile; productRef = 3F603CCC29DB4A53000C43D7 /* ProgressHUD */; };
		3F603CD029DB4A74000C43D7 /* Kingfisher in Frameworks */ = {isa = PBXBuildFile; productRef = 3F603CCF29DB4A74000C43D7 /* Kingfisher */; };
		3F6806AE29CBBAF200B4F915 /* ExampleUnitTests.swift in Sources */ = {isa = PBXBuildFile; fileRef = 3F6806AD29CBBAF200B4F915 /* ExampleUnitTests.swift */; };
		3F6806B829CBBAF200B4F915 /* FakeNFTUITests.swift in Sources */ = {isa = PBXBuildFile; fileRef = 3F6806B729CBBAF200B4F915 /* FakeNFTUITests.swift */; };
		FE1331C42F3BE6A600C12F00 /* ProfileDTO.swift in Sources */ = {isa = PBXBuildFile; fileRef = FE1331C32F3BE6A300C12F00 /* ProfileDTO.swift */; };
		FE1331C62F3BE6C500C12F00 /* ProfileRequest.swift in Sources */ = {isa = PBXBuildFile; fileRef = FE1331C52F3BE6C300C12F00 /* ProfileRequest.swift */; };
		FE1331C82F3BE6DD00C12F00 /* UpdateProfileRequest.swift in Sources */ = {isa = PBXBuildFile; fileRef = FE1331C72F3BE6DB00C12F00 /* UpdateProfileRequest.swift */; };
		FE1331CA2F3BE6FE00C12F00 /* ProfileService.swift in Sources */ = {isa = PBXBuildFile; fileRef = FE1331C92F3BE6FC00C12F00 /* ProfileService.swift */; };
		FE1331CC2F3BE80A00C12F00 /* UserCollectionViewModel.swift in Sources */ = {isa = PBXBuildFile; fileRef = FE1331CB2F3BE80900C12F00 /* UserCollectionViewModel.swift */; };
		FE1331CE2F3BE82500C12F00 /* UserCollectionNftCell.swift in Sources */ = {isa = PBXBuildFile; fileRef = FE1331CD2F3BE82200C12F00 /* UserCollectionNftCell.swift */; };
		FE1331D02F3C0DEC00C12F00 /* LikesStorage.swift in Sources */ = {isa = PBXBuildFile; fileRef = FE1331CF2F3C0DE900C12F00 /* LikesStorage.swift */; };
		FE1331D22F3C7ED600C12F00 /* CartStorage.swift in Sources */ = {isa = PBXBuildFile; fileRef = FE1331D12F3C7ED400C12F00 /* CartStorage.swift */; };
		FE74A0722F33C881001D811C /* StatisticsSortOption.swift in Sources */ = {isa = PBXBuildFile; fileRef = FE74A0512F33C881001D811C /* StatisticsSortOption.swift */; };
		FE74A0732F33C881001D811C /* NftByIdRequest.swift in Sources */ = {isa = PBXBuildFile; fileRef = FE74A0662F33C881001D811C /* NftByIdRequest.swift */; };
		FE74A0742F33C881001D811C /* NftService.swift in Sources */ = {isa = PBXBuildFile; fileRef = FE74A06B2F33C881001D811C /* NftService.swift */; };
		FE74A0752F33C881001D811C /* NftDetailInput.swift in Sources */ = {isa = PBXBuildFile; fileRef = FE74A0482F33C881001D811C /* NftDetailInput.swift */; };
		FE74A0762F33C881001D811C /* StatisticsViewModelProtocol.swift in Sources */ = {isa = PBXBuildFile; fileRef = FE74A03C2F33C881001D811C /* StatisticsViewModelProtocol.swift */; };
		FE74A0772F33C881001D811C /* CellsReusingUtils.swift in Sources */ = {isa = PBXBuildFile; fileRef = FE74A0202F33C881001D811C /* CellsReusingUtils.swift */; };
		FE74A0782F33C881001D811C /* StatisticsUsersMapperProtocol.swift in Sources */ = {isa = PBXBuildFile; fileRef = FE74A03B2F33C881001D811C /* StatisticsUsersMapperProtocol.swift */; };
		FE74A0792F33C881001D811C /* NftDetailViewController.swift in Sources */ = {isa = PBXBuildFile; fileRef = FE74A04A2F33C881001D811C /* NftDetailViewController.swift */; };
		FE74A07A2F33C881001D811C /* StatisticsModule.swift in Sources */ = {isa = PBXBuildFile; fileRef = FE74A05A2F33C881001D811C /* StatisticsModule.swift */; };
		FE74A07B2F33C881001D811C /* NetworkClient.swift in Sources */ = {isa = PBXBuildFile; fileRef = FE74A01B2F33C881001D811C /* NetworkClient.swift */; };
		FE74A07C2F33C881001D811C /* ProductDetailsTableViewController.swift in Sources */ = {isa = PBXBuildFile; fileRef = FE74A04D2F33C881001D811C /* ProductDetailsTableViewController.swift */; };
		FE74A07D2F33C881001D811C /* StatisticsViewModel.swift in Sources */ = {isa = PBXBuildFile; fileRef = FE74A02A2F33C881001D811C /* StatisticsViewModel.swift */; };
		FE74A07E2F33C881001D811C /* ExamplePutRequest.swift in Sources */ = {isa = PBXBuildFile; fileRef = FE74A0652F33C881001D811C /* ExamplePutRequest.swift */; };
		FE74A07F2F33C881001D811C /* ProductDetailsTableViewCell.swift in Sources */ = {isa = PBXBuildFile; fileRef = FE74A04C2F33C881001D811C /* ProductDetailsTableViewCell.swift */; };
		FE74A0802F33C881001D811C /* SortOptionStorage.swift in Sources */ = {isa = PBXBuildFile; fileRef = FE74A04F2F33C881001D811C /* SortOptionStorage.swift */; };
		FE74A0812F33C881001D811C /* StatisticsUserDomain.swift in Sources */ = {isa = PBXBuildFile; fileRef = FE74A0272F33C881001D811C /* StatisticsUserDomain.swift */; };
		FE74A0822F33C881001D811C /* StatisticsUsersSorter.swift in Sources */ = {isa = PBXBuildFile; fileRef = FE74A0552F33C881001D811C /* StatisticsUsersSorter.swift */; };
		FE74A0852F33C881001D811C /* RequestConstants.swift in Sources */ = {isa = PBXBuildFile; fileRef = FE74A0672F33C881001D811C /* RequestConstants.swift */; };
		FE74A0862F33C881001D811C /* NetworkRequest.swift in Sources */ = {isa = PBXBuildFile; fileRef = FE74A01C2F33C881001D811C /* NetworkRequest.swift */; };
		FE74A0872F33C881001D811C /* StatisticsUsersMapper.swift in Sources */ = {isa = PBXBuildFile; fileRef = FE74A0542F33C881001D811C /* StatisticsUsersMapper.swift */; };
		FE74A0882F33C881001D811C /* NftDetailPresenter.swift in Sources */ = {isa = PBXBuildFile; fileRef = FE74A0492F33C881001D811C /* NftDetailPresenter.swift */; };
		FE74A0892F33C881001D811C /* SceneDelegate.swift in Sources */ = {isa = PBXBuildFile; fileRef = FE74A0702F33C881001D811C /* SceneDelegate.swift */; };
		FE74A08A2F33C881001D811C /* StatisticsViewController.swift in Sources */ = {isa = PBXBuildFile; fileRef = FE74A0562F33C881001D811C /* StatisticsViewController.swift */; };
		FE74A08B2F33C881001D811C /* AppDelegate.swift in Sources */ = {isa = PBXBuildFile; fileRef = FE74A06E2F33C881001D811C /* AppDelegate.swift */; };
		FE74A08C2F33C881001D811C /* StatisticsUserDTO.swift in Sources */ = {isa = PBXBuildFile; fileRef = FE74A0282F33C881001D811C /* StatisticsUserDTO.swift */; };
		FE74A08D2F33C881001D811C /* NftDetailAssembly.swift in Sources */ = {isa = PBXBuildFile; fileRef = FE74A0472F33C881001D811C /* NftDetailAssembly.swift */; };
		FE74A08E2F33C881001D811C /* TestCatalogController.swift in Sources */ = {isa = PBXBuildFile; fileRef = FE74A0392F33C881001D811C /* TestCatalogController.swift */; };
		FE74A08F2F33C881001D811C /* ExamplePutService.swift in Sources */ = {isa = PBXBuildFile; fileRef = FE74A06A2F33C881001D811C /* ExamplePutService.swift */; };
		FE74A0902F33C881001D811C /* StatisticsUser.swift in Sources */ = {isa = PBXBuildFile; fileRef = FE74A0522F33C881001D811C /* StatisticsUser.swift */; };
		FE74A0912F33C881001D811C /* NetworkTask.swift in Sources */ = {isa = PBXBuildFile; fileRef = FE74A01D2F33C881001D811C /* NetworkTask.swift */; };
		FE74A0922F33C881001D811C /* ErrorView.swift in Sources */ = {isa = PBXBuildFile; fileRef = FE74A03E2F33C881001D811C /* ErrorView.swift */; };
		FE74A0932F33C881001D811C /* UsersRequest.swift in Sources */ = {isa = PBXBuildFile; fileRef = FE74A0682F33C881001D811C /* UsersRequest.swift */; };
		FE74A0942F33C881001D811C /* StatisticsService.swift in Sources */ = {isa = PBXBuildFile; fileRef = FE74A0632F33C881001D811C /* StatisticsService.swift */; };
		FE74A0952F33C881001D811C /* UIView+Constraints.swift in Sources */ = {isa = PBXBuildFile; fileRef = FE74A0222F33C881001D811C /* UIView+Constraints.swift */; };
		FE74A0962F33C881001D811C /* Colors.swift in Sources */ = {isa = PBXBuildFile; fileRef = FE74A0162F33C881001D811C /* Colors.swift */; };
		FE74A0972F33C881001D811C /* LoadingView.swift in Sources */ = {isa = PBXBuildFile; fileRef = FE74A03F2F33C881001D811C /* LoadingView.swift */; };
		FE74A0982F33C881001D811C /* AgreementWebViewController.swift in Sources */ = {isa = PBXBuildFile; fileRef = FE74A0372F33C881001D811C /* AgreementWebViewController.swift */; };
		FE74A0992F33C881001D811C /* Nft.swift in Sources */ = {isa = PBXBuildFile; fileRef = FE74A0242F33C881001D811C /* Nft.swift */; };
		FE74A09A2F33C881001D811C /* Fonts.swift in Sources */ = {isa = PBXBuildFile; fileRef = FE74A0172F33C881001D811C /* Fonts.swift */; };
		FE74A09B2F33C881001D811C /* TabBarController.swift in Sources */ = {isa = PBXBuildFile; fileRef = FE74A05C2F33C881001D811C /* TabBarController.swift */; };
		FE74A09C2F33C881001D811C /* StatisticsPresenter.swift in Sources */ = {isa = PBXBuildFile; fileRef = FE74A0502F33C881001D811C /* StatisticsPresenter.swift */; };
		FE74A09E2F33C881001D811C /* DateFormatters+Presets.swift in Sources */ = {isa = PBXBuildFile; fileRef = FE74A0212F33C881001D811C /* DateFormatters+Presets.swift */; };
		FE74A09F2F33C881001D811C /* ServicesAssemly.swift in Sources */ = {isa = PBXBuildFile; fileRef = FE74A06C2F33C881001D811C /* ServicesAssemly.swift */; };
		FE74A0A02F33C881001D811C /* StatisticsUserRowViewModel.swift in Sources */ = {isa = PBXBuildFile; fileRef = FE74A0292F33C881001D811C /* StatisticsUserRowViewModel.swift */; };
		FE74A0A12F33C881001D811C /* AppLogger.swift in Sources */ = {isa = PBXBuildFile; fileRef = FE74A0612F33C881001D811C /* AppLogger.swift */; };
		FE74A0A22F33C881001D811C /* StatisticsUserCellModel.swift in Sources */ = {isa = PBXBuildFile; fileRef = FE74A0262F33C881001D811C /* StatisticsUserCellModel.swift */; };
		FE74A0A32F33C881001D811C /* NftImageCollectionViewCell.swift in Sources */ = {isa = PBXBuildFile; fileRef = FE74A0452F33C881001D811C /* NftImageCollectionViewCell.swift */; };
		FE74A0A42F33C881001D811C /* LinePageControl.swift in Sources */ = {isa = PBXBuildFile; fileRef = FE74A0412F33C881001D811C /* LinePageControl.swift */; };
		FE74A0A52F33C881001D811C /* Localization.swift in Sources */ = {isa = PBXBuildFile; fileRef = FE74A0322F33C881001D811C /* Localization.swift */; };
		FE74A0A62F33C881001D811C /* ImageLoader.swift in Sources */ = {isa = PBXBuildFile; fileRef = FE74A05F2F33C881001D811C /* ImageLoader.swift */; };
		FE74A0A72F33C881001D811C /* StatisticsUserCell.swift in Sources */ = {isa = PBXBuildFile; fileRef = FE74A0532F33C881001D811C /* StatisticsUserCell.swift */; };
		FE74A0A82F33C881001D811C /* NftStorage.swift in Sources */ = {isa = PBXBuildFile; fileRef = FE74A0192F33C881001D811C /* NftStorage.swift */; };
		FE74A0A92F33C881001D811C /* NftDetailCellModel.swift in Sources */ = {isa = PBXBuildFile; fileRef = FE74A0442F33C881001D811C /* NftDetailCellModel.swift */; };
		FE74A0AA2F33C881001D811C /* Assets.xcassets in Resources */ = {isa = PBXBuildFile; fileRef = FE74A02D2F33C881001D811C /* Assets.xcassets */; };
		FE74A0AB2F33C881001D811C /* Localizable.strings in Resources */ = {isa = PBXBuildFile; fileRef = FE74A0312F33C881001D811C /* Localizable.strings */; };
		FE74A0AD2F33C881001D811C /* LaunchScreen.storyboard in Resources */ = {isa = PBXBuildFile; fileRef = FE74A0302F33C881001D811C /* LaunchScreen.storyboard */; };
		FE74A0AE2F33C881001D811C /* Main.storyboard in Resources */ = {isa = PBXBuildFile; fileRef = FE74A0352F33C881001D811C /* Main.storyboard */; };
		FE74A0B12F346F22001D811C /* UserDetailDTO.swift in Sources */ = {isa = PBXBuildFile; fileRef = FE74A0B02F346F20001D811C /* UserDetailDTO.swift */; };
		FE74A0B32F346F4F001D811C /* UserByIdRequest.swift in Sources */ = {isa = PBXBuildFile; fileRef = FE74A0B22F346F4C001D811C /* UserByIdRequest.swift */; };
		FE74A0B62F346F78001D811C /* UserService.swift in Sources */ = {isa = PBXBuildFile; fileRef = FE74A0B52F346F76001D811C /* UserService.swift */; };
		FE74A0B82F346F93001D811C /* UserCardModel.swift in Sources */ = {isa = PBXBuildFile; fileRef = FE74A0B72F346F92001D811C /* UserCardModel.swift */; };
		FE74A0BA2F346FA6001D811C /* UserCardViewModel.swift in Sources */ = {isa = PBXBuildFile; fileRef = FE74A0B92F346FA4001D811C /* UserCardViewModel.swift */; };
		FE74A0BF2F34704D001D811C /* UserCardModule.swift in Sources */ = {isa = PBXBuildFile; fileRef = FE74A0BE2F34704B001D811C /* UserCardModule.swift */; };
		FE74A0C22F34BA94001D811C /* UserCollectionViewController.swift in Sources */ = {isa = PBXBuildFile; fileRef = FE74A0C12F34BA90001D811C /* UserCollectionViewController.swift */; };
		FE74A0C72F34BADA001D811C /* UserCollectionModule.swift in Sources */ = {isa = PBXBuildFile; fileRef = FE74A0C62F34BAD6001D811C /* UserCollectionModule.swift */; };
		FE74A0C82F34C5B8001D811C /* UserCardViewController.swift in Sources */ = {isa = PBXBuildFile; fileRef = FE74A0BB2F346FC1001D811C /* UserCardViewController.swift */; };
/* End PBXBuildFile section */

/* Begin PBXContainerItemProxy section */
		3F6806AA29CBBAF200B4F915 /* PBXContainerItemProxy */ = {
			isa = PBXContainerItemProxy;
			containerPortal = 3F68068B29CBBAF100B4F915 /* Project object */;
			proxyType = 1;
			remoteGlobalIDString = 3F68069229CBBAF100B4F915;
			remoteInfo = FakeNFT;
		};
		3F6806B429CBBAF200B4F915 /* PBXContainerItemProxy */ = {
			isa = PBXContainerItemProxy;
			containerPortal = 3F68068B29CBBAF100B4F915 /* Project object */;
			proxyType = 1;
			remoteGlobalIDString = 3F68069229CBBAF100B4F915;
			remoteInfo = FakeNFT;
		};
/* End PBXContainerItemProxy section */

/* Begin PBXFileReference section */
		3F68069329CBBAF100B4F915 /* FakeNFT.app */ = {isa = PBXFileReference; explicitFileType = wrapper.application; includeInIndex = 0; path = FakeNFT.app; sourceTree = BUILT_PRODUCTS_DIR; };
		3F6806A929CBBAF200B4F915 /* FakeNFTTests.xctest */ = {isa = PBXFileReference; explicitFileType = wrapper.cfbundle; includeInIndex = 0; path = FakeNFTTests.xctest; sourceTree = BUILT_PRODUCTS_DIR; };
		3F6806AD29CBBAF200B4F915 /* ExampleUnitTests.swift */ = {isa = PBXFileReference; lastKnownFileType = sourcecode.swift; path = ExampleUnitTests.swift; sourceTree = "<group>"; };
		3F6806B329CBBAF200B4F915 /* FakeNFTUITests.xctest */ = {isa = PBXFileReference; explicitFileType = wrapper.cfbundle; includeInIndex = 0; path = FakeNFTUITests.xctest; sourceTree = BUILT_PRODUCTS_DIR; };
		3F6806B729CBBAF200B4F915 /* FakeNFTUITests.swift */ = {isa = PBXFileReference; lastKnownFileType = sourcecode.swift; path = FakeNFTUITests.swift; sourceTree = "<group>"; };
		FE1331C32F3BE6A300C12F00 /* ProfileDTO.swift */ = {isa = PBXFileReference; lastKnownFileType = sourcecode.swift; path = ProfileDTO.swift; sourceTree = "<group>"; };
		FE1331C52F3BE6C300C12F00 /* ProfileRequest.swift */ = {isa = PBXFileReference; lastKnownFileType = sourcecode.swift; path = ProfileRequest.swift; sourceTree = "<group>"; };
		FE1331C72F3BE6DB00C12F00 /* UpdateProfileRequest.swift */ = {isa = PBXFileReference; lastKnownFileType = sourcecode.swift; path = UpdateProfileRequest.swift; sourceTree = "<group>"; };
		FE1331C92F3BE6FC00C12F00 /* ProfileService.swift */ = {isa = PBXFileReference; lastKnownFileType = sourcecode.swift; path = ProfileService.swift; sourceTree = "<group>"; };
		FE1331CB2F3BE80900C12F00 /* UserCollectionViewModel.swift */ = {isa = PBXFileReference; lastKnownFileType = sourcecode.swift; path = UserCollectionViewModel.swift; sourceTree = "<group>"; };
		FE1331CD2F3BE82200C12F00 /* UserCollectionNftCell.swift */ = {isa = PBXFileReference; lastKnownFileType = sourcecode.swift; path = UserCollectionNftCell.swift; sourceTree = "<group>"; };
		FE1331CF2F3C0DE900C12F00 /* LikesStorage.swift */ = {isa = PBXFileReference; lastKnownFileType = sourcecode.swift; path = LikesStorage.swift; sourceTree = "<group>"; };
		FE1331D12F3C7ED400C12F00 /* CartStorage.swift */ = {isa = PBXFileReference; lastKnownFileType = sourcecode.swift; path = CartStorage.swift; sourceTree = "<group>"; };
		FE74A0162F33C881001D811C /* Colors.swift */ = {isa = PBXFileReference; lastKnownFileType = sourcecode.swift; path = Colors.swift; sourceTree = "<group>"; };
		FE74A0172F33C881001D811C /* Fonts.swift */ = {isa = PBXFileReference; lastKnownFileType = sourcecode.swift; path = Fonts.swift; sourceTree = "<group>"; };
		FE74A0192F33C881001D811C /* NftStorage.swift */ = {isa = PBXFileReference; lastKnownFileType = sourcecode.swift; path = NftStorage.swift; sourceTree = "<group>"; };
		FE74A01B2F33C881001D811C /* NetworkClient.swift */ = {isa = PBXFileReference; lastKnownFileType = sourcecode.swift; path = NetworkClient.swift; sourceTree = "<group>"; };
		FE74A01C2F33C881001D811C /* NetworkRequest.swift */ = {isa = PBXFileReference; lastKnownFileType = sourcecode.swift; path = NetworkRequest.swift; sourceTree = "<group>"; };
		FE74A01D2F33C881001D811C /* NetworkTask.swift */ = {isa = PBXFileReference; lastKnownFileType = sourcecode.swift; path = NetworkTask.swift; sourceTree = "<group>"; };
		FE74A0202F33C881001D811C /* CellsReusingUtils.swift */ = {isa = PBXFileReference; lastKnownFileType = sourcecode.swift; path = CellsReusingUtils.swift; sourceTree = "<group>"; };
		FE74A0212F33C881001D811C /* DateFormatters+Presets.swift */ = {isa = PBXFileReference; lastKnownFileType = sourcecode.swift; path = "DateFormatters+Presets.swift"; sourceTree = "<group>"; };
		FE74A0222F33C881001D811C /* UIView+Constraints.swift */ = {isa = PBXFileReference; lastKnownFileType = sourcecode.swift; path = "UIView+Constraints.swift"; sourceTree = "<group>"; };
		FE74A0242F33C881001D811C /* Nft.swift */ = {isa = PBXFileReference; lastKnownFileType = sourcecode.swift; path = Nft.swift; sourceTree = "<group>"; };
		FE74A0262F33C881001D811C /* StatisticsUserCellModel.swift */ = {isa = PBXFileReference; lastKnownFileType = sourcecode.swift; path = StatisticsUserCellModel.swift; sourceTree = "<group>"; };
		FE74A0272F33C881001D811C /* StatisticsUserDomain.swift */ = {isa = PBXFileReference; lastKnownFileType = sourcecode.swift; path = StatisticsUserDomain.swift; sourceTree = "<group>"; };
		FE74A0282F33C881001D811C /* StatisticsUserDTO.swift */ = {isa = PBXFileReference; lastKnownFileType = sourcecode.swift; path = StatisticsUserDTO.swift; sourceTree = "<group>"; };
		FE74A0292F33C881001D811C /* StatisticsUserRowViewModel.swift */ = {isa = PBXFileReference; lastKnownFileType = sourcecode.swift; path = StatisticsUserRowViewModel.swift; sourceTree = "<group>"; };
		FE74A02A2F33C881001D811C /* StatisticsViewModel.swift */ = {isa = PBXFileReference; lastKnownFileType = sourcecode.swift; path = StatisticsViewModel.swift; sourceTree = "<group>"; };
		FE74A02D2F33C881001D811C /* Assets.xcassets */ = {isa = PBXFileReference; lastKnownFileType = folder.assetcatalog; path = Assets.xcassets; sourceTree = "<group>"; };
		FE74A02E2F33C881001D811C /* Base */ = {isa = PBXFileReference; lastKnownFileType = file.storyboard; name = Base; path = Base.lproj/LaunchScreen.storyboard; sourceTree = "<group>"; };
		FE74A02F2F33C881001D811C /* ru */ = {isa = PBXFileReference; lastKnownFileType = text.plist.strings; name = ru; path = ru.lproj/LaunchScreen.strings; sourceTree = "<group>"; };
		FE74A0312F33C881001D811C /* Localizable.strings */ = {isa = PBXFileReference; lastKnownFileType = text.plist.strings; path = Localizable.strings; sourceTree = "<group>"; };
		FE74A0322F33C881001D811C /* Localization.swift */ = {isa = PBXFileReference; lastKnownFileType = sourcecode.swift; path = Localization.swift; sourceTree = "<group>"; };
		FE74A0332F33C881001D811C /* Base */ = {isa = PBXFileReference; lastKnownFileType = file.storyboard; name = Base; path = Base.lproj/Main.storyboard; sourceTree = "<group>"; };
		FE74A0342F33C881001D811C /* ru */ = {isa = PBXFileReference; lastKnownFileType = text.plist.strings; name = ru; path = ru.lproj/Main.strings; sourceTree = "<group>"; };
		FE74A0372F33C881001D811C /* AgreementWebViewController.swift */ = {isa = PBXFileReference; lastKnownFileType = sourcecode.swift; path = AgreementWebViewController.swift; sourceTree = "<group>"; };
		FE74A0392F33C881001D811C /* TestCatalogController.swift */ = {isa = PBXFileReference; lastKnownFileType = sourcecode.swift; path = TestCatalogController.swift; sourceTree = "<group>"; };
		FE74A03B2F33C881001D811C /* StatisticsUsersMapperProtocol.swift */ = {isa = PBXFileReference; lastKnownFileType = sourcecode.swift; path = StatisticsUsersMapperProtocol.swift; sourceTree = "<group>"; };
		FE74A03C2F33C881001D811C /* StatisticsViewModelProtocol.swift */ = {isa = PBXFileReference; lastKnownFileType = sourcecode.swift; path = StatisticsViewModelProtocol.swift; sourceTree = "<group>"; };
		FE74A03E2F33C881001D811C /* ErrorView.swift */ = {isa = PBXFileReference; lastKnownFileType = sourcecode.swift; path = ErrorView.swift; sourceTree = "<group>"; };
		FE74A03F2F33C881001D811C /* LoadingView.swift */ = {isa = PBXFileReference; lastKnownFileType = sourcecode.swift; path = LoadingView.swift; sourceTree = "<group>"; };
		FE74A0412F33C881001D811C /* LinePageControl.swift */ = {isa = PBXFileReference; lastKnownFileType = sourcecode.swift; path = LinePageControl.swift; sourceTree = "<group>"; };
		FE74A0442F33C881001D811C /* NftDetailCellModel.swift */ = {isa = PBXFileReference; lastKnownFileType = sourcecode.swift; path = NftDetailCellModel.swift; sourceTree = "<group>"; };
		FE74A0452F33C881001D811C /* NftImageCollectionViewCell.swift */ = {isa = PBXFileReference; lastKnownFileType = sourcecode.swift; path = NftImageCollectionViewCell.swift; sourceTree = "<group>"; };
		FE74A0472F33C881001D811C /* NftDetailAssembly.swift */ = {isa = PBXFileReference; lastKnownFileType = sourcecode.swift; path = NftDetailAssembly.swift; sourceTree = "<group>"; };
		FE74A0482F33C881001D811C /* NftDetailInput.swift */ = {isa = PBXFileReference; lastKnownFileType = sourcecode.swift; path = NftDetailInput.swift; sourceTree = "<group>"; };
		FE74A0492F33C881001D811C /* NftDetailPresenter.swift */ = {isa = PBXFileReference; lastKnownFileType = sourcecode.swift; path = NftDetailPresenter.swift; sourceTree = "<group>"; };
		FE74A04A2F33C881001D811C /* NftDetailViewController.swift */ = {isa = PBXFileReference; lastKnownFileType = sourcecode.swift; path = NftDetailViewController.swift; sourceTree = "<group>"; };
		FE74A04C2F33C881001D811C /* ProductDetailsTableViewCell.swift */ = {isa = PBXFileReference; lastKnownFileType = sourcecode.swift; path = ProductDetailsTableViewCell.swift; sourceTree = "<group>"; };
		FE74A04D2F33C881001D811C /* ProductDetailsTableViewController.swift */ = {isa = PBXFileReference; lastKnownFileType = sourcecode.swift; path = ProductDetailsTableViewController.swift; sourceTree = "<group>"; };
		FE74A04F2F33C881001D811C /* SortOptionStorage.swift */ = {isa = PBXFileReference; lastKnownFileType = sourcecode.swift; path = SortOptionStorage.swift; sourceTree = "<group>"; };
		FE74A0502F33C881001D811C /* StatisticsPresenter.swift */ = {isa = PBXFileReference; lastKnownFileType = sourcecode.swift; path = StatisticsPresenter.swift; sourceTree = "<group>"; };
		FE74A0512F33C881001D811C /* StatisticsSortOption.swift */ = {isa = PBXFileReference; lastKnownFileType = sourcecode.swift; path = StatisticsSortOption.swift; sourceTree = "<group>"; };
		FE74A0522F33C881001D811C /* StatisticsUser.swift */ = {isa = PBXFileReference; lastKnownFileType = sourcecode.swift; path = StatisticsUser.swift; sourceTree = "<group>"; };
		FE74A0532F33C881001D811C /* StatisticsUserCell.swift */ = {isa = PBXFileReference; lastKnownFileType = sourcecode.swift; path = StatisticsUserCell.swift; sourceTree = "<group>"; };
		FE74A0542F33C881001D811C /* StatisticsUsersMapper.swift */ = {isa = PBXFileReference; lastKnownFileType = sourcecode.swift; path = StatisticsUsersMapper.swift; sourceTree = "<group>"; };
		FE74A0552F33C881001D811C /* StatisticsUsersSorter.swift */ = {isa = PBXFileReference; lastKnownFileType = sourcecode.swift; path = StatisticsUsersSorter.swift; sourceTree = "<group>"; };
		FE74A0562F33C881001D811C /* StatisticsViewController.swift */ = {isa = PBXFileReference; lastKnownFileType = sourcecode.swift; path = StatisticsViewController.swift; sourceTree = "<group>"; };
		FE74A05A2F33C881001D811C /* StatisticsModule.swift */ = {isa = PBXFileReference; lastKnownFileType = sourcecode.swift; path = StatisticsModule.swift; sourceTree = "<group>"; };
		FE74A05C2F33C881001D811C /* TabBarController.swift */ = {isa = PBXFileReference; lastKnownFileType = sourcecode.swift; path = TabBarController.swift; sourceTree = "<group>"; };
		FE74A05F2F33C881001D811C /* ImageLoader.swift */ = {isa = PBXFileReference; lastKnownFileType = sourcecode.swift; path = ImageLoader.swift; sourceTree = "<group>"; };
		FE74A0612F33C881001D811C /* AppLogger.swift */ = {isa = PBXFileReference; lastKnownFileType = sourcecode.swift; path = AppLogger.swift; sourceTree = "<group>"; };
		FE74A0632F33C881001D811C /* StatisticsService.swift */ = {isa = PBXFileReference; lastKnownFileType = sourcecode.swift; path = StatisticsService.swift; sourceTree = "<group>"; };
		FE74A0652F33C881001D811C /* ExamplePutRequest.swift */ = {isa = PBXFileReference; lastKnownFileType = sourcecode.swift; path = ExamplePutRequest.swift; sourceTree = "<group>"; };
		FE74A0662F33C881001D811C /* NftByIdRequest.swift */ = {isa = PBXFileReference; lastKnownFileType = sourcecode.swift; path = NftByIdRequest.swift; sourceTree = "<group>"; };
		FE74A0672F33C881001D811C /* RequestConstants.swift */ = {isa = PBXFileReference; lastKnownFileType = sourcecode.swift; path = RequestConstants.swift; sourceTree = "<group>"; };
		FE74A0682F33C881001D811C /* UsersRequest.swift */ = {isa = PBXFileReference; lastKnownFileType = sourcecode.swift; path = UsersRequest.swift; sourceTree = "<group>"; };
		FE74A06A2F33C881001D811C /* ExamplePutService.swift */ = {isa = PBXFileReference; lastKnownFileType = sourcecode.swift; path = ExamplePutService.swift; sourceTree = "<group>"; };
		FE74A06B2F33C881001D811C /* NftService.swift */ = {isa = PBXFileReference; lastKnownFileType = sourcecode.swift; path = NftService.swift; sourceTree = "<group>"; };
		FE74A06C2F33C881001D811C /* ServicesAssemly.swift */ = {isa = PBXFileReference; lastKnownFileType = sourcecode.swift; path = ServicesAssemly.swift; sourceTree = "<group>"; };
		FE74A06E2F33C881001D811C /* AppDelegate.swift */ = {isa = PBXFileReference; lastKnownFileType = sourcecode.swift; path = AppDelegate.swift; sourceTree = "<group>"; };
		FE74A06F2F33C881001D811C /* Info.plist */ = {isa = PBXFileReference; lastKnownFileType = text.plist.xml; path = Info.plist; sourceTree = "<group>"; };
		FE74A0702F33C881001D811C /* SceneDelegate.swift */ = {isa = PBXFileReference; lastKnownFileType = sourcecode.swift; path = SceneDelegate.swift; sourceTree = "<group>"; };
		FE74A0B02F346F20001D811C /* UserDetailDTO.swift */ = {isa = PBXFileReference; lastKnownFileType = sourcecode.swift; path = UserDetailDTO.swift; sourceTree = "<group>"; };
		FE74A0B22F346F4C001D811C /* UserByIdRequest.swift */ = {isa = PBXFileReference; lastKnownFileType = sourcecode.swift; path = UserByIdRequest.swift; sourceTree = "<group>"; };
		FE74A0B52F346F76001D811C /* UserService.swift */ = {isa = PBXFileReference; lastKnownFileType = sourcecode.swift; path = UserService.swift; sourceTree = "<group>"; };
		FE74A0B72F346F92001D811C /* UserCardModel.swift */ = {isa = PBXFileReference; lastKnownFileType = sourcecode.swift; path = UserCardModel.swift; sourceTree = "<group>"; };
		FE74A0B92F346FA4001D811C /* UserCardViewModel.swift */ = {isa = PBXFileReference; lastKnownFileType = sourcecode.swift; path = UserCardViewModel.swift; sourceTree = "<group>"; };
		FE74A0BB2F346FC1001D811C /* UserCardViewController.swift */ = {isa = PBXFileReference; lastKnownFileType = sourcecode.swift; path = UserCardViewController.swift; sourceTree = "<group>"; };
		FE74A0BE2F34704B001D811C /* UserCardModule.swift */ = {isa = PBXFileReference; lastKnownFileType = sourcecode.swift; path = UserCardModule.swift; sourceTree = "<group>"; };
		FE74A0C12F34BA90001D811C /* UserCollectionViewController.swift */ = {isa = PBXFileReference; lastKnownFileType = sourcecode.swift; path = UserCollectionViewController.swift; sourceTree = "<group>"; };
		FE74A0C62F34BAD6001D811C /* UserCollectionModule.swift */ = {isa = PBXFileReference; lastKnownFileType = sourcecode.swift; path = UserCollectionModule.swift; sourceTree = "<group>"; };
		FE74A0CA2F34F83E001D811C /* Request.swift */ = {isa = PBXFileReference; lastKnownFileType = sourcecode.swift; path = Request.swift; sourceTree = "<group>"; };
/* End PBXFileReference section */

/* Begin PBXFrameworksBuildPhase section */
		3F68069029CBBAF100B4F915 /* Frameworks */ = {
			isa = PBXFrameworksBuildPhase;
			buildActionMask = 2147483647;
			files = (
				3F603CD029DB4A74000C43D7 /* Kingfisher in Frameworks */,
				3F603CCD29DB4A53000C43D7 /* ProgressHUD in Frameworks */,
			);
			runOnlyForDeploymentPostprocessing = 0;
		};
		3F6806A629CBBAF200B4F915 /* Frameworks */ = {
			isa = PBXFrameworksBuildPhase;
			buildActionMask = 2147483647;
			files = (
			);
			runOnlyForDeploymentPostprocessing = 0;
		};
		3F6806B029CBBAF200B4F915 /* Frameworks */ = {
			isa = PBXFrameworksBuildPhase;
			buildActionMask = 2147483647;
			files = (
			);
			runOnlyForDeploymentPostprocessing = 0;
		};
/* End PBXFrameworksBuildPhase section */

/* Begin PBXGroup section */
		3F68068A29CBBAF100B4F915 = {
			isa = PBXGroup;
			children = (
				FE74A0712F33C881001D811C /* FakeNFT */,
				3F6806AC29CBBAF200B4F915 /* FakeNFTTests */,
				3F6806B629CBBAF200B4F915 /* FakeNFTUITests */,
				3F68069429CBBAF100B4F915 /* Products */,
			);
			sourceTree = "<group>";
		};
		3F68069429CBBAF100B4F915 /* Products */ = {
			isa = PBXGroup;
			children = (
				3F68069329CBBAF100B4F915 /* FakeNFT.app */,
				3F6806A929CBBAF200B4F915 /* FakeNFTTests.xctest */,
				3F6806B329CBBAF200B4F915 /* FakeNFTUITests.xctest */,
			);
			name = Products;
			sourceTree = "<group>";
		};
		3F6806AC29CBBAF200B4F915 /* FakeNFTTests */ = {
			isa = PBXGroup;
			children = (
				3F6806AD29CBBAF200B4F915 /* ExampleUnitTests.swift */,
			);
			path = FakeNFTTests;
			sourceTree = "<group>";
		};
		3F6806B629CBBAF200B4F915 /* FakeNFTUITests */ = {
			isa = PBXGroup;
			children = (
				3F6806B729CBBAF200B4F915 /* FakeNFTUITests.swift */,
			);
			path = FakeNFTUITests;
			sourceTree = "<group>";
		};
		FE1331C22F3BE69700C12F00 /* Profile */ = {
			isa = PBXGroup;
			children = (
				FE1331C32F3BE6A300C12F00 /* ProfileDTO.swift */,
			);
			path = Profile;
			sourceTree = "<group>";
		};
		FE74A0182F33C881001D811C /* DesignSystem */ = {
			isa = PBXGroup;
			children = (
				FE74A0162F33C881001D811C /* Colors.swift */,
				FE74A0172F33C881001D811C /* Fonts.swift */,
			);
			path = DesignSystem;
			sourceTree = "<group>";
		};
		FE74A01A2F33C881001D811C /* MemoryStorage */ = {
			isa = PBXGroup;
			children = (
				FE1331D12F3C7ED400C12F00 /* CartStorage.swift */,
				FE1331CF2F3C0DE900C12F00 /* LikesStorage.swift */,
				FE74A0192F33C881001D811C /* NftStorage.swift */,
			);
			path = MemoryStorage;
			sourceTree = "<group>";
		};
		FE74A01F2F33C881001D811C /* NetworkClient */ = {
			isa = PBXGroup;
			children = (
				FE74A0CA2F34F83E001D811C /* Request.swift */,
				FE74A01B2F33C881001D811C /* NetworkClient.swift */,
				FE74A01C2F33C881001D811C /* NetworkRequest.swift */,
				FE74A01D2F33C881001D811C /* NetworkTask.swift */,
			);
			path = NetworkClient;
			sourceTree = "<group>";
		};
		FE74A0232F33C881001D811C /* Foundation */ = {
			isa = PBXGroup;
			children = (
				FE74A01A2F33C881001D811C /* MemoryStorage */,
				FE74A01F2F33C881001D811C /* NetworkClient */,
				FE74A0202F33C881001D811C /* CellsReusingUtils.swift */,
				FE74A0212F33C881001D811C /* DateFormatters+Presets.swift */,
				FE74A0222F33C881001D811C /* UIView+Constraints.swift */,
			);
			path = Foundation;
			sourceTree = "<group>";
		};
		FE74A0252F33C881001D811C /* Network */ = {
			isa = PBXGroup;
			children = (
				FE74A0242F33C881001D811C /* Nft.swift */,
			);
			path = Network;
			sourceTree = "<group>";
		};
		FE74A02B2F33C881001D811C /* Statistics */ = {
			isa = PBXGroup;
			children = (
				FE74A0262F33C881001D811C /* StatisticsUserCellModel.swift */,
				FE74A0272F33C881001D811C /* StatisticsUserDomain.swift */,
				FE74A0282F33C881001D811C /* StatisticsUserDTO.swift */,
				FE74A0292F33C881001D811C /* StatisticsUserRowViewModel.swift */,
				FE74A02A2F33C881001D811C /* StatisticsViewModel.swift */,
			);
			path = Statistics;
			sourceTree = "<group>";
		};
		FE74A02C2F33C881001D811C /* Models */ = {
			isa = PBXGroup;
			children = (
				FE1331C22F3BE69700C12F00 /* Profile */,
				FE74A0C52F34BACA001D811C /* UserCollection */,
				FE74A0AF2F346F15001D811C /* UserCard */,
				FE74A0252F33C881001D811C /* Network */,
				FE74A02B2F33C881001D811C /* Statistics */,
			);
			path = Models;
			sourceTree = "<group>";
		};
		FE74A0362F33C881001D811C /* Resources */ = {
			isa = PBXGroup;
			children = (
				FE74A02D2F33C881001D811C /* Assets.xcassets */,
				FE74A0302F33C881001D811C /* LaunchScreen.storyboard */,
				FE74A0312F33C881001D811C /* Localizable.strings */,
				FE74A0322F33C881001D811C /* Localization.swift */,
				FE74A0352F33C881001D811C /* Main.storyboard */,
			);
			path = Resources;
			sourceTree = "<group>";
		};
		FE74A0382F33C881001D811C /* AgreementWebView */ = {
			isa = PBXGroup;
			children = (
				FE74A0372F33C881001D811C /* AgreementWebViewController.swift */,
			);
			path = AgreementWebView;
			sourceTree = "<group>";
		};
		FE74A03A2F33C881001D811C /* Catalog */ = {
			isa = PBXGroup;
			children = (
				FE74A0392F33C881001D811C /* TestCatalogController.swift */,
			);
			path = Catalog;
			sourceTree = "<group>";
		};
		FE74A03D2F33C881001D811C /* Statistics */ = {
			isa = PBXGroup;
			children = (
				FE74A03B2F33C881001D811C /* StatisticsUsersMapperProtocol.swift */,
				FE74A03C2F33C881001D811C /* StatisticsViewModelProtocol.swift */,
			);
			path = Statistics;
			sourceTree = "<group>";
		};
		FE74A0402F33C881001D811C /* Protocols */ = {
			isa = PBXGroup;
			children = (
				FE74A03D2F33C881001D811C /* Statistics */,
				FE74A03E2F33C881001D811C /* ErrorView.swift */,
				FE74A03F2F33C881001D811C /* LoadingView.swift */,
			);
			path = Protocols;
			sourceTree = "<group>";
		};
		FE74A0422F33C881001D811C /* Views */ = {
			isa = PBXGroup;
			children = (
				FE74A0412F33C881001D811C /* LinePageControl.swift */,
			);
			path = Views;
			sourceTree = "<group>";
		};
		FE74A0432F33C881001D811C /* Common */ = {
			isa = PBXGroup;
			children = (
				FE74A0402F33C881001D811C /* Protocols */,
				FE74A0422F33C881001D811C /* Views */,
			);
			path = Common;
			sourceTree = "<group>";
		};
		FE74A0462F33C881001D811C /* Cell */ = {
			isa = PBXGroup;
			children = (
				FE74A0442F33C881001D811C /* NftDetailCellModel.swift */,
				FE74A0452F33C881001D811C /* NftImageCollectionViewCell.swift */,
			);
			path = Cell;
			sourceTree = "<group>";
		};
		FE74A04B2F33C881001D811C /* NftDetails */ = {
			isa = PBXGroup;
			children = (
				FE74A0462F33C881001D811C /* Cell */,
				FE74A0472F33C881001D811C /* NftDetailAssembly.swift */,
				FE74A0482F33C881001D811C /* NftDetailInput.swift */,
				FE74A0492F33C881001D811C /* NftDetailPresenter.swift */,
				FE74A04A2F33C881001D811C /* NftDetailViewController.swift */,
			);
			path = NftDetails;
			sourceTree = "<group>";
		};
		FE74A04E2F33C881001D811C /* ProductDetails */ = {
			isa = PBXGroup;
			children = (
				FE74A04C2F33C881001D811C /* ProductDetailsTableViewCell.swift */,
				FE74A04D2F33C881001D811C /* ProductDetailsTableViewController.swift */,
			);
			path = ProductDetails;
			sourceTree = "<group>";
		};
		FE74A0592F33C881001D811C /* Rating */ = {
			isa = PBXGroup;
			children = (
				FE74A04F2F33C881001D811C /* SortOptionStorage.swift */,
				FE74A0502F33C881001D811C /* StatisticsPresenter.swift */,
				FE74A0512F33C881001D811C /* StatisticsSortOption.swift */,
				FE74A0522F33C881001D811C /* StatisticsUser.swift */,
				FE74A0532F33C881001D811C /* StatisticsUserCell.swift */,
				FE74A0542F33C881001D811C /* StatisticsUsersMapper.swift */,
				FE74A0552F33C881001D811C /* StatisticsUsersSorter.swift */,
				FE74A0562F33C881001D811C /* StatisticsViewController.swift */,
			);
			path = Rating;
			sourceTree = "<group>";
		};
		FE74A05B2F33C881001D811C /* Statistics */ = {
			isa = PBXGroup;
			children = (
				FE74A0592F33C881001D811C /* Rating */,
				FE74A05A2F33C881001D811C /* StatisticsModule.swift */,
			);
			path = Statistics;
			sourceTree = "<group>";
		};
		FE74A05D2F33C881001D811C /* TabBarController */ = {
			isa = PBXGroup;
			children = (
				FE74A05C2F33C881001D811C /* TabBarController.swift */,
			);
			path = TabBarController;
			sourceTree = "<group>";
		};
		FE74A05E2F33C881001D811C /* Scenes  */ = {
			isa = PBXGroup;
			children = (
				FE74A0C02F34BA82001D811C /* UserCollection */,
				FE74A0BD2F346FF7001D811C /* UserCard */,
				FE74A0382F33C881001D811C /* AgreementWebView */,
				FE74A03A2F33C881001D811C /* Catalog */,
				FE74A0432F33C881001D811C /* Common */,
				FE74A04B2F33C881001D811C /* NftDetails */,
				FE74A04E2F33C881001D811C /* ProductDetails */,
				FE74A05B2F33C881001D811C /* Statistics */,
				FE74A05D2F33C881001D811C /* TabBarController */,
			);
			path = "Scenes ";
			sourceTree = "<group>";
		};
		FE74A0602F33C881001D811C /* ImageLoader */ = {
			isa = PBXGroup;
			children = (
				FE74A05F2F33C881001D811C /* ImageLoader.swift */,
			);
			path = ImageLoader;
			sourceTree = "<group>";
		};
		FE74A0622F33C881001D811C /* Logging */ = {
			isa = PBXGroup;
			children = (
				FE74A0612F33C881001D811C /* AppLogger.swift */,
			);
			path = Logging;
			sourceTree = "<group>";
		};
		FE74A0642F33C881001D811C /* Statistics */ = {
			isa = PBXGroup;
			children = (
				FE74A0632F33C881001D811C /* StatisticsService.swift */,
			);
			path = Statistics;
			sourceTree = "<group>";
		};
		FE74A0692F33C881001D811C /* Requests */ = {
			isa = PBXGroup;
			children = (
				FE1331C92F3BE6FC00C12F00 /* ProfileService.swift */,
				FE1331C72F3BE6DB00C12F00 /* UpdateProfileRequest.swift */,
				FE1331C52F3BE6C300C12F00 /* ProfileRequest.swift */,
				FE74A0B52F346F76001D811C /* UserService.swift */,
				FE74A0B22F346F4C001D811C /* UserByIdRequest.swift */,
				FE74A0642F33C881001D811C /* Statistics */,
				FE74A0652F33C881001D811C /* ExamplePutRequest.swift */,
				FE74A0662F33C881001D811C /* NftByIdRequest.swift */,
				FE74A0672F33C881001D811C /* RequestConstants.swift */,
				FE74A0682F33C881001D811C /* UsersRequest.swift */,
			);
			path = Requests;
			sourceTree = "<group>";
		};
		FE74A06D2F33C881001D811C /* Services */ = {
			isa = PBXGroup;
			children = (
				FE74A0602F33C881001D811C /* ImageLoader */,
				FE74A0622F33C881001D811C /* Logging */,
				FE74A0692F33C881001D811C /* Requests */,
				FE74A06A2F33C881001D811C /* ExamplePutService.swift */,
				FE74A06B2F33C881001D811C /* NftService.swift */,
				FE74A06C2F33C881001D811C /* ServicesAssemly.swift */,
			);
			path = Services;
			sourceTree = "<group>";
		};
		FE74A0712F33C881001D811C /* FakeNFT */ = {
			isa = PBXGroup;
			children = (
				FE74A0182F33C881001D811C /* DesignSystem */,
				FE74A0232F33C881001D811C /* Foundation */,
				FE74A02C2F33C881001D811C /* Models */,
				FE74A0362F33C881001D811C /* Resources */,
				FE74A05E2F33C881001D811C /* Scenes  */,
				FE74A06D2F33C881001D811C /* Services */,
				FE74A06E2F33C881001D811C /* AppDelegate.swift */,
				FE74A06F2F33C881001D811C /* Info.plist */,
				FE74A0702F33C881001D811C /* SceneDelegate.swift */,
			);
			path = FakeNFT;
			sourceTree = "<group>";
		};
		FE74A0AF2F346F15001D811C /* UserCard */ = {
			isa = PBXGroup;
			children = (
				FE74A0B92F346FA4001D811C /* UserCardViewModel.swift */,
				FE74A0B72F346F92001D811C /* UserCardModel.swift */,
				FE74A0B02F346F20001D811C /* UserDetailDTO.swift */,
			);
			path = UserCard;
			sourceTree = "<group>";
		};
		FE74A0BD2F346FF7001D811C /* UserCard */ = {
			isa = PBXGroup;
			children = (
				FE74A0BB2F346FC1001D811C /* UserCardViewController.swift */,
				FE74A0BE2F34704B001D811C /* UserCardModule.swift */,
			);
			path = UserCard;
			sourceTree = "<group>";
		};
		FE74A0C02F34BA82001D811C /* UserCollection */ = {
			isa = PBXGroup;
			children = (
				FE1331CD2F3BE82200C12F00 /* UserCollectionNftCell.swift */,
				FE1331CB2F3BE80900C12F00 /* UserCollectionViewModel.swift */,
				FE74A0C12F34BA90001D811C /* UserCollectionViewController.swift */,
			);
			path = UserCollection;
			sourceTree = "<group>";
		};
		FE74A0C52F34BACA001D811C /* UserCollection */ = {
			isa = PBXGroup;
			children = (
				FE74A0C62F34BAD6001D811C /* UserCollectionModule.swift */,
			);
			path = UserCollection;
			sourceTree = "<group>";
		};
/* End PBXGroup section */

/* Begin PBXNativeTarget section */
		3F68069229CBBAF100B4F915 /* FakeNFT */ = {
			isa = PBXNativeTarget;
			buildConfigurationList = 3F6806BD29CBBAF200B4F915 /* Build configuration list for PBXNativeTarget "FakeNFT" */;
			buildPhases = (
				3F68068F29CBBAF100B4F915 /* Sources */,
				3F68069029CBBAF100B4F915 /* Frameworks */,
				3F68069129CBBAF100B4F915 /* Resources */,
			);
			buildRules = (
			);
			dependencies = (
			);
			name = FakeNFT;
			packageProductDependencies = (
				3F603CCC29DB4A53000C43D7 /* ProgressHUD */,
				3F603CCF29DB4A74000C43D7 /* Kingfisher */,
			);
			productName = FakeNFT;
			productReference = 3F68069329CBBAF100B4F915 /* FakeNFT.app */;
			productType = "com.apple.product-type.application";
		};
		3F6806A829CBBAF200B4F915 /* FakeNFTTests */ = {
			isa = PBXNativeTarget;
			buildConfigurationList = 3F6806C029CBBAF200B4F915 /* Build configuration list for PBXNativeTarget "FakeNFTTests" */;
			buildPhases = (
				3F6806A529CBBAF200B4F915 /* Sources */,
				3F6806A629CBBAF200B4F915 /* Frameworks */,
				3F6806A729CBBAF200B4F915 /* Resources */,
			);
			buildRules = (
			);
			dependencies = (
				3F6806AB29CBBAF200B4F915 /* PBXTargetDependency */,
			);
			name = FakeNFTTests;
			productName = FakeNFTTests;
			productReference = 3F6806A929CBBAF200B4F915 /* FakeNFTTests.xctest */;
			productType = "com.apple.product-type.bundle.unit-test";
		};
		3F6806B229CBBAF200B4F915 /* FakeNFTUITests */ = {
			isa = PBXNativeTarget;
			buildConfigurationList = 3F6806C329CBBAF200B4F915 /* Build configuration list for PBXNativeTarget "FakeNFTUITests" */;
			buildPhases = (
				3F6806AF29CBBAF200B4F915 /* Sources */,
				3F6806B029CBBAF200B4F915 /* Frameworks */,
				3F6806B129CBBAF200B4F915 /* Resources */,
			);
			buildRules = (
			);
			dependencies = (
				3F6806B529CBBAF200B4F915 /* PBXTargetDependency */,
			);
			name = FakeNFTUITests;
			productName = FakeNFTUITests;
			productReference = 3F6806B329CBBAF200B4F915 /* FakeNFTUITests.xctest */;
			productType = "com.apple.product-type.bundle.ui-testing";
		};
/* End PBXNativeTarget section */

/* Begin PBXProject section */
		3F68068B29CBBAF100B4F915 /* Project object */ = {
			isa = PBXProject;
			attributes = {
				BuildIndependentTargetsInParallel = 1;
				LastSwiftUpdateCheck = 1420;
				LastUpgradeCheck = 1420;
				TargetAttributes = {
					3F68069229CBBAF100B4F915 = {
						CreatedOnToolsVersion = 14.2;
					};
					3F6806A829CBBAF200B4F915 = {
						CreatedOnToolsVersion = 14.2;
						TestTargetID = 3F68069229CBBAF100B4F915;
					};
					3F6806B229CBBAF200B4F915 = {
						CreatedOnToolsVersion = 14.2;
						TestTargetID = 3F68069229CBBAF100B4F915;
					};
				};
			};
			buildConfigurationList = 3F68068E29CBBAF100B4F915 /* Build configuration list for PBXProject "FakeNFT" */;
			compatibilityVersion = "Xcode 14.0";
			developmentRegion = ru;
			hasScannedForEncodings = 0;
			knownRegions = (
				en,
				Base,
				ru,
			);
			mainGroup = 3F68068A29CBBAF100B4F915;
			packageReferences = (
				3F603CCB29DB4A53000C43D7 /* XCRemoteSwiftPackageReference "ProgressHUD" */,
				3F603CCE29DB4A74000C43D7 /* XCRemoteSwiftPackageReference "Kingfisher" */,
			);
			productRefGroup = 3F68069429CBBAF100B4F915 /* Products */;
			projectDirPath = "";
			projectRoot = "";
			targets = (
				3F68069229CBBAF100B4F915 /* FakeNFT */,
				3F6806A829CBBAF200B4F915 /* FakeNFTTests */,
				3F6806B229CBBAF200B4F915 /* FakeNFTUITests */,
			);
		};
/* End PBXProject section */

/* Begin PBXResourcesBuildPhase section */
		3F68069129CBBAF100B4F915 /* Resources */ = {
			isa = PBXResourcesBuildPhase;
			buildActionMask = 2147483647;
			files = (
				FE74A0AA2F33C881001D811C /* Assets.xcassets in Resources */,
				FE74A0AB2F33C881001D811C /* Localizable.strings in Resources */,
				FE74A0AD2F33C881001D811C /* LaunchScreen.storyboard in Resources */,
				FE74A0AE2F33C881001D811C /* Main.storyboard in Resources */,
			);
			runOnlyForDeploymentPostprocessing = 0;
		};
		3F6806A729CBBAF200B4F915 /* Resources */ = {
			isa = PBXResourcesBuildPhase;
			buildActionMask = 2147483647;
			files = (
			);
			runOnlyForDeploymentPostprocessing = 0;
		};
		3F6806B129CBBAF200B4F915 /* Resources */ = {
			isa = PBXResourcesBuildPhase;
			buildActionMask = 2147483647;
			files = (
			);
			runOnlyForDeploymentPostprocessing = 0;
		};
/* End PBXResourcesBuildPhase section */

/* Begin PBXSourcesBuildPhase section */
		3F68068F29CBBAF100B4F915 /* Sources */ = {
			isa = PBXSourcesBuildPhase;
			buildActionMask = 2147483647;
			files = (
				FE74A0C22F34BA94001D811C /* UserCollectionViewController.swift in Sources */,
				FE74A0722F33C881001D811C /* StatisticsSortOption.swift in Sources */,
				FE74A0732F33C881001D811C /* NftByIdRequest.swift in Sources */,
				FE74A0742F33C881001D811C /* NftService.swift in Sources */,
				FE74A0752F33C881001D811C /* NftDetailInput.swift in Sources */,
				FE74A0762F33C881001D811C /* StatisticsViewModelProtocol.swift in Sources */,
				FE74A0772F33C881001D811C /* CellsReusingUtils.swift in Sources */,
				FE74A0782F33C881001D811C /* StatisticsUsersMapperProtocol.swift in Sources */,
				FE74A0B12F346F22001D811C /* UserDetailDTO.swift in Sources */,
				FE74A0792F33C881001D811C /* NftDetailViewController.swift in Sources */,
				FE74A07A2F33C881001D811C /* StatisticsModule.swift in Sources */,
				FE74A07B2F33C881001D811C /* NetworkClient.swift in Sources */,
				FE74A07C2F33C881001D811C /* ProductDetailsTableViewController.swift in Sources */,
				FE74A07D2F33C881001D811C /* StatisticsViewModel.swift in Sources */,
				FE74A07E2F33C881001D811C /* ExamplePutRequest.swift in Sources */,
				FE74A07F2F33C881001D811C /* ProductDetailsTableViewCell.swift in Sources */,
				FE74A0802F33C881001D811C /* SortOptionStorage.swift in Sources */,
				FE74A0812F33C881001D811C /* StatisticsUserDomain.swift in Sources */,
				FE74A0822F33C881001D811C /* StatisticsUsersSorter.swift in Sources */,
				FE74A0852F33C881001D811C /* RequestConstants.swift in Sources */,
				FE74A0862F33C881001D811C /* NetworkRequest.swift in Sources */,
				FE1331CE2F3BE82500C12F00 /* UserCollectionNftCell.swift in Sources */,
				FE74A0872F33C881001D811C /* StatisticsUsersMapper.swift in Sources */,
				FE74A0882F33C881001D811C /* NftDetailPresenter.swift in Sources */,
				FE74A0892F33C881001D811C /* SceneDelegate.swift in Sources */,
				FE74A08A2F33C881001D811C /* StatisticsViewController.swift in Sources */,
				FE74A0C82F34C5B8001D811C /* UserCardViewController.swift in Sources */,
				FE1331D22F3C7ED600C12F00 /* CartStorage.swift in Sources */,
				FE74A08B2F33C881001D811C /* AppDelegate.swift in Sources */,
				FE74A08C2F33C881001D811C /* StatisticsUserDTO.swift in Sources */,
				FE74A08D2F33C881001D811C /* NftDetailAssembly.swift in Sources */,
				FE74A08E2F33C881001D811C /* TestCatalogController.swift in Sources */,
				FE74A0B62F346F78001D811C /* UserService.swift in Sources */,
				FE74A08F2F33C881001D811C /* ExamplePutService.swift in Sources */,
				FE1331CC2F3BE80A00C12F00 /* UserCollectionViewModel.swift in Sources */,
				FE74A0902F33C881001D811C /* StatisticsUser.swift in Sources */,
				FE74A0912F33C881001D811C /* NetworkTask.swift in Sources */,
				FE74A0922F33C881001D811C /* ErrorView.swift in Sources */,
				FE74A0BA2F346FA6001D811C /* UserCardViewModel.swift in Sources */,
				FE74A0932F33C881001D811C /* UsersRequest.swift in Sources */,
				FE74A0942F33C881001D811C /* StatisticsService.swift in Sources */,
				FE74A0952F33C881001D811C /* UIView+Constraints.swift in Sources */,
				FE74A0962F33C881001D811C /* Colors.swift in Sources */,
				FE74A0972F33C881001D811C /* LoadingView.swift in Sources */,
				FE1331C62F3BE6C500C12F00 /* ProfileRequest.swift in Sources */,
				FE1331D02F3C0DEC00C12F00 /* LikesStorage.swift in Sources */,
				FE74A0B82F346F93001D811C /* UserCardModel.swift in Sources */,
				FE74A0B32F346F4F001D811C /* UserByIdRequest.swift in Sources */,
				FE74A0982F33C881001D811C /* AgreementWebViewController.swift in Sources */,
				FE74A0992F33C881001D811C /* Nft.swift in Sources */,
				FE74A09A2F33C881001D811C /* Fonts.swift in Sources */,
				FE1331C82F3BE6DD00C12F00 /* UpdateProfileRequest.swift in Sources */,
				FE74A09B2F33C881001D811C /* TabBarController.swift in Sources */,
				FE74A0BF2F34704D001D811C /* UserCardModule.swift in Sources */,
				FE74A0C72F34BADA001D811C /* UserCollectionModule.swift in Sources */,
				FE74A09C2F33C881001D811C /* StatisticsPresenter.swift in Sources */,
				FE74A09E2F33C881001D811C /* DateFormatters+Presets.swift in Sources */,
				FE74A09F2F33C881001D811C /* ServicesAssemly.swift in Sources */,
				FE74A0A02F33C881001D811C /* StatisticsUserRowViewModel.swift in Sources */,
				FE74A0A12F33C881001D811C /* AppLogger.swift in Sources */,
				FE74A0A22F33C881001D811C /* StatisticsUserCellModel.swift in Sources */,
				FE74A0A32F33C881001D811C /* NftImageCollectionViewCell.swift in Sources */,
				FE74A0A42F33C881001D811C /* LinePageControl.swift in Sources */,
				FE1331C42F3BE6A600C12F00 /* ProfileDTO.swift in Sources */,
				FE74A0A52F33C881001D811C /* Localization.swift in Sources */,
				FE74A0A62F33C881001D811C /* ImageLoader.swift in Sources */,
				FE74A0A72F33C881001D811C /* StatisticsUserCell.swift in Sources */,
				FE74A0A82F33C881001D811C /* NftStorage.swift in Sources */,
				FE74A0A92F33C881001D811C /* NftDetailCellModel.swift in Sources */,
				FE1331CA2F3BE6FE00C12F00 /* ProfileService.swift in Sources */,
			);
			runOnlyForDeploymentPostprocessing = 0;
		};
		3F6806A529CBBAF200B4F915 /* Sources */ = {
			isa = PBXSourcesBuildPhase;
			buildActionMask = 2147483647;
			files = (
				3F6806AE29CBBAF200B4F915 /* ExampleUnitTests.swift in Sources */,
			);
			runOnlyForDeploymentPostprocessing = 0;
		};
		3F6806AF29CBBAF200B4F915 /* Sources */ = {
			isa = PBXSourcesBuildPhase;
			buildActionMask = 2147483647;
			files = (
				3F6806B829CBBAF200B4F915 /* FakeNFTUITests.swift in Sources */,
			);
			runOnlyForDeploymentPostprocessing = 0;
		};
/* End PBXSourcesBuildPhase section */

/* Begin PBXTargetDependency section */
		3F6806AB29CBBAF200B4F915 /* PBXTargetDependency */ = {
			isa = PBXTargetDependency;
			target = 3F68069229CBBAF100B4F915 /* FakeNFT */;
			targetProxy = 3F6806AA29CBBAF200B4F915 /* PBXContainerItemProxy */;
		};
		3F6806B529CBBAF200B4F915 /* PBXTargetDependency */ = {
			isa = PBXTargetDependency;
			target = 3F68069229CBBAF100B4F915 /* FakeNFT */;
			targetProxy = 3F6806B429CBBAF200B4F915 /* PBXContainerItemProxy */;
		};
/* End PBXTargetDependency section */

/* Begin PBXVariantGroup section */
		FE74A0302F33C881001D811C /* LaunchScreen.storyboard */ = {
			isa = PBXVariantGroup;
			children = (
				FE74A02E2F33C881001D811C /* Base */,
				FE74A02F2F33C881001D811C /* ru */,
			);
			name = LaunchScreen.storyboard;
			sourceTree = "<group>";
		};
		FE74A0352F33C881001D811C /* Main.storyboard */ = {
			isa = PBXVariantGroup;
			children = (
				FE74A0332F33C881001D811C /* Base */,
				FE74A0342F33C881001D811C /* ru */,
			);
			name = Main.storyboard;
			sourceTree = "<group>";
		};
/* End PBXVariantGroup section */

/* Begin XCBuildConfiguration section */
		3F6806BB29CBBAF200B4F915 /* Debug */ = {
			isa = XCBuildConfiguration;
			buildSettings = {
				ALWAYS_SEARCH_USER_PATHS = NO;
				CLANG_ANALYZER_LOCALIZABILITY_NONLOCALIZED = YES;
				CLANG_ANALYZER_NONNULL = YES;
				CLANG_ANALYZER_NUMBER_OBJECT_CONVERSION = YES_AGGRESSIVE;
				CLANG_CXX_LANGUAGE_STANDARD = "gnu++20";
				CLANG_ENABLE_MODULES = YES;
				CLANG_ENABLE_OBJC_ARC = YES;
				CLANG_ENABLE_OBJC_WEAK = YES;
				CLANG_WARN_BLOCK_CAPTURE_AUTORELEASING = YES;
				CLANG_WARN_BOOL_CONVERSION = YES;
				CLANG_WARN_COMMA = YES;
				CLANG_WARN_CONSTANT_CONVERSION = YES;
				CLANG_WARN_DEPRECATED_OBJC_IMPLEMENTATIONS = YES;
				CLANG_WARN_DIRECT_OBJC_ISA_USAGE = YES_ERROR;
				CLANG_WARN_DOCUMENTATION_COMMENTS = YES;
				CLANG_WARN_EMPTY_BODY = YES;
				CLANG_WARN_ENUM_CONVERSION = YES;
				CLANG_WARN_INFINITE_RECURSION = YES;
				CLANG_WARN_INT_CONVERSION = YES;
				CLANG_WARN_NON_LITERAL_NULL_CONVERSION = YES;
				CLANG_WARN_OBJC_IMPLICIT_RETAIN_SELF = YES;
				CLANG_WARN_OBJC_LITERAL_CONVERSION = YES;
				CLANG_WARN_OBJC_ROOT_CLASS = YES_ERROR;
				CLANG_WARN_QUOTED_INCLUDE_IN_FRAMEWORK_HEADER = YES;
				CLANG_WARN_RANGE_LOOP_ANALYSIS = YES;
				CLANG_WARN_STRICT_PROTOTYPES = YES;
				CLANG_WARN_SUSPICIOUS_MOVE = YES;
				CLANG_WARN_UNGUARDED_AVAILABILITY = YES_AGGRESSIVE;
				CLANG_WARN_UNREACHABLE_CODE = YES;
				CLANG_WARN__DUPLICATE_METHOD_MATCH = YES;
				COPY_PHASE_STRIP = NO;
				DEBUG_INFORMATION_FORMAT = dwarf;
				ENABLE_STRICT_OBJC_MSGSEND = YES;
				ENABLE_TESTABILITY = YES;
				GCC_C_LANGUAGE_STANDARD = gnu11;
				GCC_DYNAMIC_NO_PIC = NO;
				GCC_NO_COMMON_BLOCKS = YES;
				GCC_OPTIMIZATION_LEVEL = 0;
				GCC_PREPROCESSOR_DEFINITIONS = (
					"DEBUG=1",
					"$(inherited)",
				);
				GCC_WARN_64_TO_32_BIT_CONVERSION = YES;
				GCC_WARN_ABOUT_RETURN_TYPE = YES_ERROR;
				GCC_WARN_UNDECLARED_SELECTOR = YES;
				GCC_WARN_UNINITIALIZED_AUTOS = YES_AGGRESSIVE;
				GCC_WARN_UNUSED_FUNCTION = YES;
				GCC_WARN_UNUSED_VARIABLE = YES;
				IPHONEOS_DEPLOYMENT_TARGET = 13.0;
				MTL_ENABLE_DEBUG_INFO = INCLUDE_SOURCE;
				MTL_FAST_MATH = YES;
				ONLY_ACTIVE_ARCH = YES;
				SDKROOT = iphoneos;
				SWIFT_ACTIVE_COMPILATION_CONDITIONS = DEBUG;
				SWIFT_OPTIMIZATION_LEVEL = "-Onone";
			};
			name = Debug;
		};
		3F6806BC29CBBAF200B4F915 /* Release */ = {
			isa = XCBuildConfiguration;
			buildSettings = {
				ALWAYS_SEARCH_USER_PATHS = NO;
				CLANG_ANALYZER_LOCALIZABILITY_NONLOCALIZED = YES;
				CLANG_ANALYZER_NONNULL = YES;
				CLANG_ANALYZER_NUMBER_OBJECT_CONVERSION = YES_AGGRESSIVE;
				CLANG_CXX_LANGUAGE_STANDARD = "gnu++20";
				CLANG_ENABLE_MODULES = YES;
				CLANG_ENABLE_OBJC_ARC = YES;
				CLANG_ENABLE_OBJC_WEAK = YES;
				CLANG_WARN_BLOCK_CAPTURE_AUTORELEASING = YES;
				CLANG_WARN_BOOL_CONVERSION = YES;
				CLANG_WARN_COMMA = YES;
				CLANG_WARN_CONSTANT_CONVERSION = YES;
				CLANG_WARN_DEPRECATED_OBJC_IMPLEMENTATIONS = YES;
				CLANG_WARN_DIRECT_OBJC_ISA_USAGE = YES_ERROR;
				CLANG_WARN_DOCUMENTATION_COMMENTS = YES;
				CLANG_WARN_EMPTY_BODY = YES;
				CLANG_WARN_ENUM_CONVERSION = YES;
				CLANG_WARN_INFINITE_RECURSION = YES;
				CLANG_WARN_INT_CONVERSION = YES;
				CLANG_WARN_NON_LITERAL_NULL_CONVERSION = YES;
				CLANG_WARN_OBJC_IMPLICIT_RETAIN_SELF = YES;
				CLANG_WARN_OBJC_LITERAL_CONVERSION = YES;
				CLANG_WARN_OBJC_ROOT_CLASS = YES_ERROR;
				CLANG_WARN_QUOTED_INCLUDE_IN_FRAMEWORK_HEADER = YES;
				CLANG_WARN_RANGE_LOOP_ANALYSIS = YES;
				CLANG_WARN_STRICT_PROTOTYPES = YES;
				CLANG_WARN_SUSPICIOUS_MOVE = YES;
				CLANG_WARN_UNGUARDED_AVAILABILITY = YES_AGGRESSIVE;
				CLANG_WARN_UNREACHABLE_CODE = YES;
				CLANG_WARN__DUPLICATE_METHOD_MATCH = YES;
				COPY_PHASE_STRIP = NO;
				DEBUG_INFORMATION_FORMAT = "dwarf-with-dsym";
				ENABLE_NS_ASSERTIONS = NO;
				ENABLE_STRICT_OBJC_MSGSEND = YES;
				GCC_C_LANGUAGE_STANDARD = gnu11;
				GCC_NO_COMMON_BLOCKS = YES;
				GCC_WARN_64_TO_32_BIT_CONVERSION = YES;
				GCC_WARN_ABOUT_RETURN_TYPE = YES_ERROR;
				GCC_WARN_UNDECLARED_SELECTOR = YES;
				GCC_WARN_UNINITIALIZED_AUTOS = YES_AGGRESSIVE;
				GCC_WARN_UNUSED_FUNCTION = YES;
				GCC_WARN_UNUSED_VARIABLE = YES;
				IPHONEOS_DEPLOYMENT_TARGET = 13.0;
				MTL_ENABLE_DEBUG_INFO = NO;
				MTL_FAST_MATH = YES;
				SDKROOT = iphoneos;
				SWIFT_COMPILATION_MODE = wholemodule;
				SWIFT_OPTIMIZATION_LEVEL = "-O";
				VALIDATE_PRODUCT = YES;
			};
			name = Release;
		};
		3F6806BE29CBBAF200B4F915 /* Debug */ = {
			isa = XCBuildConfiguration;
			buildSettings = {
				ASSETCATALOG_COMPILER_APPICON_NAME = AppIcon;
				ASSETCATALOG_COMPILER_GLOBAL_ACCENT_COLOR_NAME = AccentColor;
				CODE_SIGN_STYLE = Automatic;
				CURRENT_PROJECT_VERSION = 1;
				DEVELOPMENT_TEAM = XN5ZA5FXUU;
				GENERATE_INFOPLIST_FILE = YES;
				INFOPLIST_FILE = FakeNFT/Info.plist;
				INFOPLIST_KEY_UIApplicationSupportsIndirectInputEvents = YES;
				INFOPLIST_KEY_UILaunchStoryboardName = LaunchScreen;
				INFOPLIST_KEY_UIMainStoryboardFile = Main;
				INFOPLIST_KEY_UISupportedInterfaceOrientations_iPad = "UIInterfaceOrientationPortrait UIInterfaceOrientationPortraitUpsideDown UIInterfaceOrientationLandscapeLeft UIInterfaceOrientationLandscapeRight";
				INFOPLIST_KEY_UISupportedInterfaceOrientations_iPhone = "UIInterfaceOrientationPortrait UIInterfaceOrientationLandscapeLeft UIInterfaceOrientationLandscapeRight";
				IPHONEOS_DEPLOYMENT_TARGET = 17.0;
				LD_RUNPATH_SEARCH_PATHS = (
					"$(inherited)",
					"@executable_path/Frameworks",
				);
				MARKETING_VERSION = 1.0;
				PRODUCT_BUNDLE_IDENTIFIER = com.practicum.FakeNFT111;
				PRODUCT_NAME = "$(TARGET_NAME)";
				SWIFT_EMIT_LOC_STRINGS = YES;
				SWIFT_VERSION = 5.0;
				TARGETED_DEVICE_FAMILY = "1,2";
			};
			name = Debug;
		};
		3F6806BF29CBBAF200B4F915 /* Release */ = {
			isa = XCBuildConfiguration;
			buildSettings = {
				ASSETCATALOG_COMPILER_APPICON_NAME = AppIcon;
				ASSETCATALOG_COMPILER_GLOBAL_ACCENT_COLOR_NAME = AccentColor;
				CODE_SIGN_STYLE = Automatic;
				CURRENT_PROJECT_VERSION = 1;
				DEVELOPMENT_TEAM = 6H2GQX47PU;
				GENERATE_INFOPLIST_FILE = YES;
				INFOPLIST_FILE = FakeNFT/Info.plist;
				INFOPLIST_KEY_UIApplicationSupportsIndirectInputEvents = YES;
				INFOPLIST_KEY_UILaunchStoryboardName = LaunchScreen;
				INFOPLIST_KEY_UIMainStoryboardFile = Main;
				INFOPLIST_KEY_UISupportedInterfaceOrientations_iPad = "UIInterfaceOrientationPortrait UIInterfaceOrientationPortraitUpsideDown UIInterfaceOrientationLandscapeLeft UIInterfaceOrientationLandscapeRight";
				INFOPLIST_KEY_UISupportedInterfaceOrientations_iPhone = "UIInterfaceOrientationPortrait UIInterfaceOrientationLandscapeLeft UIInterfaceOrientationLandscapeRight";
				IPHONEOS_DEPLOYMENT_TARGET = 17.0;
				LD_RUNPATH_SEARCH_PATHS = (
					"$(inherited)",
					"@executable_path/Frameworks",
				);
				MARKETING_VERSION = 1.0;
				PRODUCT_BUNDLE_IDENTIFIER = com.practicum.FakeNFT;
				PRODUCT_NAME = "$(TARGET_NAME)";
				SWIFT_EMIT_LOC_STRINGS = YES;
				SWIFT_VERSION = 5.0;
				TARGETED_DEVICE_FAMILY = "1,2";
			};
			name = Release;
		};
		3F6806C129CBBAF200B4F915 /* Debug */ = {
			isa = XCBuildConfiguration;
			buildSettings = {
				ALWAYS_EMBED_SWIFT_STANDARD_LIBRARIES = YES;
				BUNDLE_LOADER = "$(TEST_HOST)";
				CODE_SIGN_STYLE = Automatic;
				CURRENT_PROJECT_VERSION = 1;
				GENERATE_INFOPLIST_FILE = YES;
				IPHONEOS_DEPLOYMENT_TARGET = 16.2;
				MARKETING_VERSION = 1.0;
				PRODUCT_BUNDLE_IDENTIFIER = com.practicum.FakeNFTTests;
				PRODUCT_NAME = "$(TARGET_NAME)";
				SWIFT_EMIT_LOC_STRINGS = NO;
				SWIFT_VERSION = 5.0;
				TARGETED_DEVICE_FAMILY = "1,2";
				TEST_HOST = "$(BUILT_PRODUCTS_DIR)/FakeNFT.app/$(BUNDLE_EXECUTABLE_FOLDER_PATH)/FakeNFT";
			};
			name = Debug;
		};
		3F6806C229CBBAF200B4F915 /* Release */ = {
			isa = XCBuildConfiguration;
			buildSettings = {
				ALWAYS_EMBED_SWIFT_STANDARD_LIBRARIES = YES;
				BUNDLE_LOADER = "$(TEST_HOST)";
				CODE_SIGN_STYLE = Automatic;
				CURRENT_PROJECT_VERSION = 1;
				GENERATE_INFOPLIST_FILE = YES;
				IPHONEOS_DEPLOYMENT_TARGET = 16.2;
				MARKETING_VERSION = 1.0;
				PRODUCT_BUNDLE_IDENTIFIER = com.practicum.FakeNFTTests;
				PRODUCT_NAME = "$(TARGET_NAME)";
				SWIFT_EMIT_LOC_STRINGS = NO;
				SWIFT_VERSION = 5.0;
				TARGETED_DEVICE_FAMILY = "1,2";
				TEST_HOST = "$(BUILT_PRODUCTS_DIR)/FakeNFT.app/$(BUNDLE_EXECUTABLE_FOLDER_PATH)/FakeNFT";
			};
			name = Release;
		};
		3F6806C429CBBAF200B4F915 /* Debug */ = {
			isa = XCBuildConfiguration;
			buildSettings = {
				ALWAYS_EMBED_SWIFT_STANDARD_LIBRARIES = YES;
				CODE_SIGN_STYLE = Automatic;
				CURRENT_PROJECT_VERSION = 1;
				GENERATE_INFOPLIST_FILE = YES;
				MARKETING_VERSION = 1.0;
				PRODUCT_BUNDLE_IDENTIFIER = com.practicum.FakeNFTUITests;
				PRODUCT_NAME = "$(TARGET_NAME)";
				SWIFT_EMIT_LOC_STRINGS = NO;
				SWIFT_VERSION = 5.0;
				TARGETED_DEVICE_FAMILY = "1,2";
				TEST_TARGET_NAME = FakeNFT;
			};
			name = Debug;
		};
		3F6806C529CBBAF200B4F915 /* Release */ = {
			isa = XCBuildConfiguration;
			buildSettings = {
				ALWAYS_EMBED_SWIFT_STANDARD_LIBRARIES = YES;
				CODE_SIGN_STYLE = Automatic;
				CURRENT_PROJECT_VERSION = 1;
				GENERATE_INFOPLIST_FILE = YES;
				MARKETING_VERSION = 1.0;
				PRODUCT_BUNDLE_IDENTIFIER = com.practicum.FakeNFTUITests;
				PRODUCT_NAME = "$(TARGET_NAME)";
				SWIFT_EMIT_LOC_STRINGS = NO;
				SWIFT_VERSION = 5.0;
				TARGETED_DEVICE_FAMILY = "1,2";
				TEST_TARGET_NAME = FakeNFT;
			};
			name = Release;
		};
/* End XCBuildConfiguration section */

/* Begin XCConfigurationList section */
		3F68068E29CBBAF100B4F915 /* Build configuration list for PBXProject "FakeNFT" */ = {
			isa = XCConfigurationList;
			buildConfigurations = (
				3F6806BB29CBBAF200B4F915 /* Debug */,
				3F6806BC29CBBAF200B4F915 /* Release */,
			);
			defaultConfigurationIsVisible = 0;
			defaultConfigurationName = Release;
		};
		3F6806BD29CBBAF200B4F915 /* Build configuration list for PBXNativeTarget "FakeNFT" */ = {
			isa = XCConfigurationList;
			buildConfigurations = (
				3F6806BE29CBBAF200B4F915 /* Debug */,
				3F6806BF29CBBAF200B4F915 /* Release */,
			);
			defaultConfigurationIsVisible = 0;
			defaultConfigurationName = Release;
		};
		3F6806C029CBBAF200B4F915 /* Build configuration list for PBXNativeTarget "FakeNFTTests" */ = {
			isa = XCConfigurationList;
			buildConfigurations = (
				3F6806C129CBBAF200B4F915 /* Debug */,
				3F6806C229CBBAF200B4F915 /* Release */,
			);
			defaultConfigurationIsVisible = 0;
			defaultConfigurationName = Release;
		};
		3F6806C329CBBAF200B4F915 /* Build configuration list for PBXNativeTarget "FakeNFTUITests" */ = {
			isa = XCConfigurationList;
			buildConfigurations = (
				3F6806C429CBBAF200B4F915 /* Debug */,
				3F6806C529CBBAF200B4F915 /* Release */,
			);
			defaultConfigurationIsVisible = 0;
			defaultConfigurationName = Release;
		};
/* End XCConfigurationList section */

/* Begin XCRemoteSwiftPackageReference section */
		3F603CCB29DB4A53000C43D7 /* XCRemoteSwiftPackageReference "ProgressHUD" */ = {
			isa = XCRemoteSwiftPackageReference;
			repositoryURL = "https://github.com/relatedcode/ProgressHUD";
			requirement = {
				kind = upToNextMajorVersion;
				minimumVersion = 13.0.0;
			};
		};
		3F603CCE29DB4A74000C43D7 /* XCRemoteSwiftPackageReference "Kingfisher" */ = {
			isa = XCRemoteSwiftPackageReference;
			repositoryURL = "https://github.com/onevcat/Kingfisher.git";
			requirement = {
				kind = upToNextMajorVersion;
				minimumVersion = 7.0.0;
			};
		};
/* End XCRemoteSwiftPackageReference section */

/* Begin XCSwiftPackageProductDependency section */
		3F603CCC29DB4A53000C43D7 /* ProgressHUD */ = {
			isa = XCSwiftPackageProductDependency;
			package = 3F603CCB29DB4A53000C43D7 /* XCRemoteSwiftPackageReference "ProgressHUD" */;
			productName = ProgressHUD;
		};
		3F603CCF29DB4A74000C43D7 /* Kingfisher */ = {
			isa = XCSwiftPackageProductDependency;
			package = 3F603CCE29DB4A74000C43D7 /* XCRemoteSwiftPackageReference "Kingfisher" */;
			productName = Kingfisher;
		};
/* End XCSwiftPackageProductDependency section */
	};
	rootObject = 3F68068B29CBBAF100B4F915 /* Project object */;
}
