{
  "originHash" : "99bb377e5f32150e42e8c6ef457f197325780fa8173c6c06df8f9fcea0df3ec9",
  "pins" : [
    {
      "identity" : "appmetrica-sdk-ios",
      "kind" : "remoteSourceControl",
      "location" : "https://github.com/appmetrica/appmetrica-sdk-ios",
      "state" : {
        "revision" : "28e94b1f812db4304dc34d8fb4844016d7d25303",
        "version" : "6.0.0"
      }
    },
    {
      "identity" : "kingfisher",
      "kind" : "remoteSourceControl",
      "location" : "https://github.com/onevcat/Kingfisher.git",
      "state" : {
        "revision" : "af4be924ad984cf4d16f4ae4df424e79a443d435",
        "version" : "7.6.2"
      }
    },
    {
      "identity" : "kscrash",
      "kind" : "remoteSourceControl",
      "location" : "https://github.com/kstenerud/KSCrash",
      "state" : {
        "revision" : "c0177658fc771ae833b6d3b8f5f3f5a14d59ec03",
        "version" : "2.1.2"
      }
    },
    {
      "identity" : "progresshud",
      "kind" : "remoteSourceControl",
      "location" : "https://github.com/relatedcode/ProgressHUD",
      "state" : {
        "revision" : "2b80c6f5a091c76a01f080545723f9b0bcf928cd",
        "version" : "13.6.2"
      }
    }
  ],
  "version" : 3
}
